lockfileVersion: '9.0'

settings:
  autoInstallPeers: true
  excludeLinksFromLockfile: false

pnpmfileChecksum: sha256-ZfwGjIvQgPR9mEJg5iihJauZ5iv1Ogj5lI/dgVj7pgI=

importers:

  .:
    dependencies:
      officeparser:
        specifier: ^6.0.4
        version: 6.0.4
      pptxgenjs:
        specifier: ^4.0.1
        version: 4.0.1
    devDependencies:
      '@types/node':
        specifier: 22.19.2
        version: 22.19.2

packages:

  '@napi-rs/canvas-android-arm64@0.1.97':
    resolution: {integrity: sha512-V1c/WVw+NzH8vk7ZK/O8/nyBSCQimU8sfMsB/9qeSvdkGKNU7+mxy/bIF0gTgeBFmHpj30S4E9WHMSrxXGQuVQ==}
    engines: {node: '>= 10'}
    cpu: [arm64]
    os: [android]

  '@napi-rs/canvas-darwin-arm64@0.1.97':
    resolution: {integrity: sha512-ok+SCEF4YejcxuJ9Rm+WWunHHpf2HmiPxfz6z1a/NFQECGXtsY7A4B8XocK1LmT1D7P174MzwPF9Wy3AUAwEPw==}
    engines: {node: '>= 10'}
    cpu: [arm64]
    os: [darwin]

  '@napi-rs/canvas-darwin-x64@0.1.97':
    resolution: {integrity: sha512-PUP6e6/UGlclUvAQNnuXCcnkpdUou6VYZfQOQxExLp86epOylmiwLkqXIvpFmjoTEDmPmXrI+coL/9EFU1gKPA==}
    engines: {node: '>= 10'}
    cpu: [x64]
    os: [darwin]

  '@napi-rs/canvas-linux-arm-gnueabihf@0.1.97':
    resolution: {integrity: sha512-XyXH2L/cic8eTNtbrXCcvqHtMX/nEOxN18+7rMrAM2XtLYC/EB5s0wnO1FsLMWmK+04ZSLN9FBGipo7kpIkcOw==}
    engines: {node: '>= 10'}
    cpu: [arm]
    os: [linux]

  '@napi-rs/canvas-linux-arm64-gnu@0.1.97':
    resolution: {integrity: sha512-Kuq/M3djq0K8ktgz6nPlK7Ne5d4uWeDxPpyKWOjWDK2RIOhHVtLtyLiJw2fuldw7Vn4mhw05EZXCEr4Q76rs9w==}
    engines: {node: '>= 10'}
    cpu: [arm64]
    os: [linux]

  '@napi-rs/canvas-linux-arm64-musl@0.1.97':
    resolution: {integrity: sha512-kKmSkQVnWeqg7qdsiXvYxKhAFuHz3tkBjW/zyQv5YKUPhotpaVhpBGv5LqCngzyuRV85SXoe+OFj+Tv0a0QXkQ==}
    engines: {node: '>= 10'}
    cpu: [arm64]
    os: [linux]

  '@napi-rs/canvas-linux-riscv64-gnu@0.1.97':
    resolution: {integrity: sha512-Jc7I3A51jnEOIAXeLsN/M/+Z28LUeakcsXs07FLq9prXc0eYOtVwsDEv913Gr+06IRo34gJJVgT0TXvmz+N2VA==}
    engines: {node: '>= 10'}
    cpu: [riscv64]
    os: [linux]

  '@napi-rs/canvas-linux-x64-gnu@0.1.97':
    resolution: {integrity: sha512-iDUBe7AilfuBSRbSa8/IGX38Mf+iCSBqoVKLSQ5XaY2JLOaqz1TVyPFEyIck7wT6mRQhQt5sN6ogfjIDfi74tg==}
    engines: {node: '>= 10'}
    cpu: [x64]
    os: [linux]

  '@napi-rs/canvas-linux-x64-musl@0.1.97':
    resolution: {integrity: sha512-AKLFd/v0Z5fvgqBDqhvqtAdx+fHMJ5t9JcUNKq4FIZ5WH+iegGm8HPdj00NFlCSnm83Fp3Ln8I2f7uq1aIiWaA==}
    engines: {node: '>= 10'}
    cpu: [x64]
    os: [linux]

  '@napi-rs/canvas-win32-arm64-msvc@0.1.97':
    resolution: {integrity: sha512-u883Yr6A6fO7Vpsy9YE4FVCIxzzo5sO+7pIUjjoDLjS3vQaNMkVzx5bdIpEL+ob+gU88WDK4VcxYMZ6nmnoX9A==}
    engines: {node: '>= 10'}
    cpu: [arm64]
    os: [win32]

  '@napi-rs/canvas-win32-x64-msvc@0.1.97':
    resolution: {integrity: sha512-sWtD2EE3fV0IzN+iiQUqr/Q1SwqWhs2O1FKItFlxtdDkikpEj5g7DKQpY3x55H/MAOnL8iomnlk3mcEeGiUMoQ==}
    engines: {node: '>= 10'}
    cpu: [x64]
    os: [win32]

  '@napi-rs/canvas@0.1.97':
    resolution: {integrity: sha512-8cFniXvrIEnVwuNSRCW9wirRZbHvrD3JVujdS2P5n5xiJZNZMOZcfOvJ1pb66c7jXMKHHglJEDVJGbm8XWFcXQ==}
    engines: {node: '>= 10'}

  '@tokenizer/token@0.3.0':
    resolution: {integrity: sha512-OvjF+z51L3ov0OyAU0duzsYuvO01PH7x4t6DJx+guahgTnBHkhJdG7soQeTSFLWN3efnHyibZ4Z8l2EuWwJN3A==}

  '@types/node@22.19.2':
    resolution: {integrity: sha512-LPM2G3Syo1GLzXLGJAKdqoU35XvrWzGJ21/7sgZTUpbkBaOasTj8tjwn6w+hCkqaa1TfJ/w67rJSwYItlJ2mYw==}

  '@xmldom/xmldom@0.8.11':
    resolution: {integrity: sha512-cQzWCtO6C8TQiYl1ruKNn2U6Ao4o4WBBcbL61yJl84x+j5sOWWFU9X7DpND8XZG3daDppSsigMdfAIl2upQBRw==}
    engines: {node: '>=10.0.0'}

  abort-controller@3.0.0:
    resolution: {integrity: sha512-h8lQ8tacZYnR3vNQTgibj+tODHI5/+l06Au2Pcriv/Gmet0eaj4TwWH41sO9wnHDiQsEj19q0drzdWdeAHtweg==}
    engines: {node: '>=6.5'}

  base64-js@1.5.1:
    resolution: {integrity: sha512-AKpaYlHn8t4SVbOHCy+b5+KKgvR4vrsD8vbvrbiQJps7fKDTkjkDry6ji0rUJjC0kzbNePLwzxq8iypo41qeWA==}

  bmp-js@0.1.0:
    resolution: {integrity: sha512-vHdS19CnY3hwiNdkaqk93DvjVLfbEcI8mys4UjuWrlX1haDmroo8o4xCzh4wD6DGV6HxRCyauwhHRqMTfERtjw==}

  buffer-crc32@0.2.13:
    resolution: {integrity: sha512-VO9Ht/+p3SN7SKWqcrgEzjGbRSJYTx+Q1pTQC0wrWqHx0vpJraQ6GtHx8tvcg1rlK1byhU5gccxgOgj7B0TDkQ==}

  buffer-from@1.1.2:
    resolution: {integrity: sha512-E+XQCRwSbaaiChtv6k6Dwgc+bx+Bs6vuKJHHl5kox/BaKbhiXzqQOwK4cO22yElGp2OCmjwVhT3HmxgyPGnJfQ==}

  buffer@6.0.3:
    resolution: {integrity: sha512-FTiCpNxtwiZZHEZbcbTIcZjERVICn9yq/pDFkTl95/AxzD1naBctN7YO68riM/gLSDY7sdrMby8hofADYuuqOA==}

  concat-stream@2.0.0:
    resolution: {integrity: sha512-MWufYdFw53ccGjCA+Ol7XJYpAlW6/prSMzuPOTRnJGcGzuhLn4Scrz7qf6o8bROZ514ltazcIFJZevcfbo0x7A==}
    engines: {'0': node >= 6.0}

  core-util-is@1.0.3:
    resolution: {integrity: sha512-ZQBvi1DcpJ4GDqanjucZ2Hj3wEO5pZDS89BWbkcrvdxksJorwUDDZamX9ldFkp9aw2lmBDLgkObEA4DWNJ9FYQ==}

  event-target-shim@5.0.1:
    resolution: {integrity: sha512-i/2XbnSz/uxRCU6+NdVJgKWDTM427+MqYbkQzD321DuCQJUqOuJKIA0IM2+W2xtYHdKOmZ4dR6fExsd4SXL+WQ==}
    engines: {node: '>=6'}

  events@3.3.0:
    resolution: {integrity: sha512-mQw+2fkQbALzQ7V0MY0IqdnXNOeTtP4r0lN9z7AAawCXgqea7bDii20AYrIBrFd/Hx0M2Ocz6S111CaFkUcb0Q==}
    engines: {node: '>=0.8.x'}

  file-type@16.5.4:
    resolution: {integrity: sha512-/yFHK0aGjFEgDJjEKP0pWCplsPFPhwyfwevf/pVxiN0tmE4L9LmwWxWukdJSHdoCli4VgQLehjJtwQBnqmsKcw==}
    engines: {node: '>=10'}

  https@1.0.0:
    resolution: {integrity: sha512-4EC57ddXrkaF0x83Oj8sM6SLQHAWXw90Skqu2M4AEWENZ3F02dFJE/GARA8igO79tcgYqGrD7ae4f5L3um2lgg==}

  idb-keyval@6.2.2:
    resolution: {integrity: sha512-yjD9nARJ/jb1g+CvD0tlhUHOrJ9Sy0P8T9MF3YaLlHnSRpwPfpTX0XIvpmw3gAJUmEu3FiICLBDPXVwyEvrleg==}

  ieee754@1.2.1:
    resolution: {integrity: sha512-dcyqhDvX1C46lXZcVqCpK+FtMRQVdIMN6/Df5js2zouUsqG7I6sFxitIC+7KYK29KdXOLHdu9zL4sFnoVQnqaA==}

  image-size@1.2.1:
    resolution: {integrity: sha512-rH+46sQJ2dlwfjfhCyNx5thzrv+dtmBIhPHk0zgRUukHzZ/kRueTJXoYYsclBaKcSMBWuGbOFXtioLpzTb5euw==}
    engines: {node: '>=16.x'}
    hasBin: true

  immediate@3.0.6:
    resolution: {integrity: sha512-XXOFtyqDjNDAQxVfYxuF7g9Il/IbWmmlQg2MYKOH8ExIT1qg6xc4zyS3HaEEATgs1btfzxq15ciUiY7gjSXRGQ==}

  inherits@2.0.4:
    resolution: {integrity: sha512-k/vGaX4/Yla3WzyMCvTQOXYeIHvqOKtnqBduzTHpzpQZzAskKMhZ2K+EnBiSM9zGSoIFeMpXKxa4dYeZIQqewQ==}

  is-url@1.2.4:
    resolution: {integrity: sha512-ITvGim8FhRiYe4IQ5uHSkj7pVaPDrCTkNd3yq3cV7iZAcJdHTUMPMEHcqSOy9xZ9qFenQCvi+2wjH9a1nXqHww==}

  isarray@1.0.0:
    resolution: {integrity: sha512-VLghIWNM6ELQzo7zwmcg0NmTVyWKYjvIeM83yjp0wRDTmUnrM678fQbcKBo6n2CJEF0szoG//ytg+TKla89ALQ==}

  jszip@3.10.1:
    resolution: {integrity: sha512-xXDvecyTpGLrqFrvkrUSoxxfJI5AH7U8zxxtVclpsUtMCq4JQ290LY8AW5c7Ggnr/Y/oK+bQMbqK2qmtk3pN4g==}

  lie@3.3.0:
    resolution: {integrity: sha512-UaiMJzeWRlEujzAuw5LokY1L5ecNQYZKfmyZ9L7wDHb/p5etKaxXhohBcrw0EYby+G/NA52vRSN4N39dxHAIwQ==}

  node-fetch@2.7.0:
    resolution: {integrity: sha512-c4FRfUm/dbcWZ7U+1Wq0AwCyFL+3nt2bEw05wfxSz+DWpWsitgmSgYmy2dQdWyKC1694ELPqMs/YzUSNozLt8A==}
    engines: {node: 4.x || >=6.0.0}
    peerDependencies:
      encoding: ^0.1.0
    peerDependenciesMeta:
      encoding:
        optional: true

  officeparser@6.0.4:
    resolution: {integrity: sha512-zmxst4xbrUxCCY6w5BLmmtewJY5eHkLKNJ+2Z5OKY0JPh5qmtUSslFkg0fC3xc+0RG4DFdfQ36107B99yLMfuQ==}
    engines: {node: '>=18.0.0'}
    hasBin: true

  opencollective-postinstall@2.0.3:
    resolution: {integrity: sha512-8AV/sCtuzUeTo8gQK5qDZzARrulB3egtLzFgteqB2tcT4Mw7B8Kt7JcDHmltjz6FOAHsvTevk70gZEbhM4ZS9Q==}
    hasBin: true

  pako@1.0.11:
    resolution: {integrity: sha512-4hLB8Py4zZce5s4yd9XzopqwVv/yGNhV1Bl8NTmCq1763HeK2+EwVTv+leGeL13Dnh2wfbqowVPXCIO0z4taYw==}

  pdfjs-dist@5.4.530:
    resolution: {integrity: sha512-r1hWsSIGGmyYUAHR26zSXkxYWLXLMd6AwqcaFYG9YUZ0GBf5GvcjJSeo512tabM4GYFhxhl5pMCmPr7Q72Rq2Q==}
    engines: {node: '>=20.16.0 || >=22.3.0'}

  peek-readable@4.1.0:
    resolution: {integrity: sha512-ZI3LnwUv5nOGbQzD9c2iDG6toheuXSZP5esSHBjopsXH4dg19soufvpUGA3uohi5anFtGb2lhAVdHzH6R/Evvg==}
    engines: {node: '>=8'}

  pend@1.2.0:
    resolution: {integrity: sha512-F3asv42UuXchdzt+xXqfW1OGlVBe+mxa2mqI0pg5yAHZPvFmY3Y6drSf/GQ1A86WgWEN9Kzh/WrgKa6iGcHXLg==}

  pptxgenjs@4.0.1:
    resolution: {integrity: sha512-TeJISr8wouAuXw4C1F/mC33xbZs/FuEG6nH9FG1Zj+nuPcGMP5YRHl6X+j3HSUnS1f3at6k75ZZXPMZlA5Lj9A==}

  process-nextick-args@2.0.1:
    resolution: {integrity: sha512-3ouUOpQhtgrbOa17J7+uxOTpITYWaGP7/AhoR3+A+/1e9skrzelGi/dXzEYyvbxubEF6Wn2ypscTKiKJFFn1ag==}

  process@0.11.10:
    resolution: {integrity: sha512-cdGef/drWFoydD1JsMzuFf8100nZl+GT+yacc2bEced5f9Rjk4z+WtFUTBu9PhOi9j/jfmBPu0mMEY4wIdAF8A==}
    engines: {node: '>= 0.6.0'}

  queue@6.0.2:
    resolution: {integrity: sha512-iHZWu+q3IdFZFX36ro/lKBkSvfkztY5Y7HMiPlOUjhupPcG2JMfst2KKEpu5XndviX/3UhFbRngUPNKtgvtZiA==}

  readable-stream@2.3.8:
    resolution: {integrity: sha512-8p0AUk4XODgIewSi0l8Epjs+EVnWiK7NoDIEGU0HhE7+ZyY8D1IMY7odu5lRrFXGg71L15KG8QrPmum45RTtdA==}

  readable-stream@3.6.2:
    resolution: {integrity: sha512-9u/sniCrY3D5WdsERHzHE4G2YCXqoG5FTHUiCC4SIbr6XcLZBY05ya9EKjYek9O5xOAwjGq+1JdGBAS7Q9ScoA==}
    engines: {node: '>= 6'}

  readable-stream@4.7.0:
    resolution: {integrity: sha512-oIGGmcpTLwPga8Bn6/Z75SVaH1z5dUut2ibSyAMVhmUggWpmDn2dapB0n7f8nwaSiRtepAsfJyfXIO5DCVAODg==}
    engines: {node: ^12.22.0 || ^14.17.0 || >=16.0.0}

  readable-web-to-node-stream@3.0.4:
    resolution: {integrity: sha512-9nX56alTf5bwXQ3ZDipHJhusu9NTQJ/CVPtb/XHAJCXihZeitfJvIRS4GqQ/mfIoOE3IelHMrpayVrosdHBuLw==}
    engines: {node: '>=8'}

  regenerator-runtime@0.13.11:
    resolution: {integrity: sha512-kY1AZVr2Ra+t+piVaJ4gxaFaReZVH40AKNo7UCX6W+dEwBo/2oZJzqfuN1qLq1oL45o56cPaTXELwrTh8Fpggg==}

  safe-buffer@5.1.2:
    resolution: {integrity: sha512-Gd2UZBJDkXlY7GbJxfsE8/nvKkUEU1G38c1siN6QP6a9PT9MmHB8GnpscSmMJSoF8LOIrt8ud/wPtojys4G6+g==}

  safe-buffer@5.2.1:
    resolution: {integrity: sha512-rp3So07KcdmmKbGvgaNxQSJr7bGVSVk5S9Eq1F+ppbRo70+YeaDxkw5Dd8NPN+GD6bjnYm2VuPuCXmpuYvmCXQ==}

  setimmediate@1.0.5:
    resolution: {integrity: sha512-MATJdZp8sLqDl/68LfQmbP8zKPLQNV6BIZoIgrscFDQ+RsvK/BxeDQOgyxKKoh0y/8h3BqVFnCqQ/gd+reiIXA==}

  string_decoder@1.1.1:
    resolution: {integrity: sha512-n/ShnvDi6FHbbVfviro+WojiFzv+s8MPMHBczVePfUpDJLwoLT0ht1l4YwBCbi8pJAveEEdnkHyPyTP/mzRfwg==}

  string_decoder@1.3.0:
    resolution: {integrity: sha512-hkRX8U1WjJFd8LsDJ2yQ/wWWxaopEsABU1XfkM8A+j0+85JAGppt16cr1Whg6KIbb4okU6Mql6BOj+uup/wKeA==}

  strtok3@6.3.0:
    resolution: {integrity: sha512-fZtbhtvI9I48xDSywd/somNqgUHl2L2cstmXCCif0itOf96jeW18MBSyrLuNicYQVkvpOxkZtkzujiTJ9LW5Jw==}
    engines: {node: '>=10'}

  tesseract.js-core@6.1.2:
    resolution: {integrity: sha512-pv4GjmramjdObhDyR1q85Td8X60Puu/lGQn7Kw2id05LLgHhAcWgnz6xSdMCSxBMWjQDmMyDXPTC2aqADdpiow==}

  tesseract.js@6.0.1:
    resolution: {integrity: sha512-/sPvMvrCtgxnNRCjbTYbr7BRu0yfWDsMZQ2a/T5aN/L1t8wUQN6tTWv6p6FwzpoEBA0jrN2UD2SX4QQFRdoDbA==}

  token-types@4.2.1:
    resolution: {integrity: sha512-6udB24Q737UD/SDsKAHI9FCRP7Bqc9D/MQUV02ORQg5iskjtLJlZJNdN4kKtcdtwCeWIwIHDGaUsTsCCAa8sFQ==}
    engines: {node: '>=10'}

  tr46@0.0.3:
    resolution: {integrity: sha512-N3WMsuqV66lT30CrXNbEjx4GEwlow3v6rr4mCcv6prnfwhS01rkgyFdjPNBYd9br7LpXV1+Emh01fHnq2Gdgrw==}

  typedarray@0.0.6:
    resolution: {integrity: sha512-/aCDEGatGvZ2BIk+HmLf4ifCJFwvKFNb9/JeZPMulfgFracn9QFcAf5GO8B/mweUjSoblS5In0cWhqpfs/5PQA==}

  undici-types@6.21.0:
    resolution: {integrity: sha512-iwDZqg0QAGrg9Rav5H4n0M64c3mkR59cJ6wQp+7C4nI0gsmExaedaYLNO44eT4AtBBwjbTiGPMlt2Md0T9H9JQ==}

  util-deprecate@1.0.2:
    resolution: {integrity: sha512-EPD5q1uXyFxJpCrLnCc1nHnq3gOa6DZBocAIiI2TaSCA7VCJ1UJDMagCzIkXNsUYfD1daK//LTEQ8xiIbrHtcw==}

  wasm-feature-detect@1.8.0:
    resolution: {integrity: sha512-zksaLKM2fVlnB5jQQDqKXXwYHLQUVH9es+5TOOHwGOVJOCeRBCiPjwSg+3tN2AdTCzjgli4jijCH290kXb/zWQ==}

  webidl-conversions@3.0.1:
    resolution: {integrity: sha512-2JAn3z8AR6rjK8Sm8orRC0h/bcl/DqL7tRPdGZ4I1CjdF+EaMLmYxBHyXuKL849eucPFhvBoxMsflfOb8kxaeQ==}

  whatwg-url@5.0.0:
    resolution: {integrity: sha512-saE57nupxk6v3HY35+jzBwYa0rKSy0XR8JSxZPwgLr7ys0IBzhGviA1/TUGJLmSVqs8pb9AnvICXEuOHLprYTw==}

  yauzl@3.2.1:
    resolution: {integrity: sha512-k1isifdbpNSFEHFJ1ZY4YDewv0IH9FR61lDetaRMD3j2ae3bIXGV+7c+LHCqtQGofSd8PIyV4X6+dHMAnSr60A==}
    engines: {node: '>=12'}

  zlibjs@0.3.1:
    resolution: {integrity: sha512-+J9RrgTKOmlxFSDHo0pI1xM6BLVUv+o0ZT9ANtCxGkjIVCCUdx9alUF8Gm+dGLKbkkkidWIHFDZHDMpfITt4+w==}

snapshots:

  '@napi-rs/canvas-android-arm64@0.1.97':
    optional: true

  '@napi-rs/canvas-darwin-arm64@0.1.97':
    optional: true

  '@napi-rs/canvas-darwin-x64@0.1.97':
    optional: true

  '@napi-rs/canvas-linux-arm-gnueabihf@0.1.97':
    optional: true

  '@napi-rs/canvas-linux-arm64-gnu@0.1.97':
    optional: true

  '@napi-rs/canvas-linux-arm64-musl@0.1.97':
    optional: true

  '@napi-rs/canvas-linux-riscv64-gnu@0.1.97':
    optional: true

  '@napi-rs/canvas-linux-x64-gnu@0.1.97':
    optional: true

  '@napi-rs/canvas-linux-x64-musl@0.1.97':
    optional: true

  '@napi-rs/canvas-win32-arm64-msvc@0.1.97':
    optional: true

  '@napi-rs/canvas-win32-x64-msvc@0.1.97':
    optional: true

  '@napi-rs/canvas@0.1.97':
    optionalDependencies:
      '@napi-rs/canvas-android-arm64': 0.1.97
      '@napi-rs/canvas-darwin-arm64': 0.1.97
      '@napi-rs/canvas-darwin-x64': 0.1.97
      '@napi-rs/canvas-linux-arm-gnueabihf': 0.1.97
      '@napi-rs/canvas-linux-arm64-gnu': 0.1.97
      '@napi-rs/canvas-linux-arm64-musl': 0.1.97
      '@napi-rs/canvas-linux-riscv64-gnu': 0.1.97
      '@napi-rs/canvas-linux-x64-gnu': 0.1.97
      '@napi-rs/canvas-linux-x64-musl': 0.1.97
      '@napi-rs/canvas-win32-arm64-msvc': 0.1.97
      '@napi-rs/canvas-win32-x64-msvc': 0.1.97
    optional: true

  '@tokenizer/token@0.3.0': {}

  '@types/node@22.19.2':
    dependencies:
      undici-types: 6.21.0

  '@xmldom/xmldom@0.8.11': {}

  abort-controller@3.0.0:
    dependencies:
      event-target-shim: 5.0.1

  base64-js@1.5.1: {}

  bmp-js@0.1.0: {}

  buffer-crc32@0.2.13: {}

  buffer-from@1.1.2: {}

  buffer@6.0.3:
    dependencies:
      base64-js: 1.5.1
      ieee754: 1.2.1

  concat-stream@2.0.0:
    dependencies:
      buffer-from: 1.1.2
      inherits: 2.0.4
      readable-stream: 3.6.2
      typedarray: 0.0.6

  core-util-is@1.0.3: {}

  event-target-shim@5.0.1: {}

  events@3.3.0: {}

  file-type@16.5.4:
    dependencies:
      readable-web-to-node-stream: 3.0.4
      strtok3: 6.3.0
      token-types: 4.2.1

  https@1.0.0: {}

  idb-keyval@6.2.2: {}

  ieee754@1.2.1: {}

  image-size@1.2.1:
    dependencies:
      queue: 6.0.2

  immediate@3.0.6: {}

  inherits@2.0.4: {}

  is-url@1.2.4: {}

  isarray@1.0.0: {}

  jszip@3.10.1:
    dependencies:
      lie: 3.3.0
      pako: 1.0.11
      readable-stream: 2.3.8
      setimmediate: 1.0.5

  lie@3.3.0:
    dependencies:
      immediate: 3.0.6

  node-fetch@2.7.0:
    dependencies:
      whatwg-url: 5.0.0

  officeparser@6.0.4:
    dependencies:
      '@xmldom/xmldom': 0.8.11
      concat-stream: 2.0.0
      file-type: 16.5.4
      pdfjs-dist: 5.4.530
      tesseract.js: 6.0.1
      yauzl: 3.2.1
    transitivePeerDependencies:
      - encoding

  opencollective-postinstall@2.0.3: {}

  pako@1.0.11: {}

  pdfjs-dist@5.4.530:
    optionalDependencies:
      '@napi-rs/canvas': 0.1.97

  peek-readable@4.1.0: {}

  pend@1.2.0: {}

  pptxgenjs@4.0.1:
    dependencies:
      '@types/node': 22.19.2
      https: 1.0.0
      image-size: 1.2.1
      jszip: 3.10.1

  process-nextick-args@2.0.1: {}

  process@0.11.10: {}

  queue@6.0.2:
    dependencies:
      inherits: 2.0.4

  readable-stream@2.3.8:
    dependencies:
      core-util-is: 1.0.3
      inherits: 2.0.4
      isarray: 1.0.0
      process-nextick-args: 2.0.1
      safe-buffer: 5.1.2
      string_decoder: 1.1.1
      util-deprecate: 1.0.2

  readable-stream@3.6.2:
    dependencies:
      inherits: 2.0.4
      string_decoder: 1.3.0
      util-deprecate: 1.0.2

  readable-stream@4.7.0:
    dependencies:
      abort-controller: 3.0.0
      buffer: 6.0.3
      events: 3.3.0
      process: 0.11.10
      string_decoder: 1.3.0

  readable-web-to-node-stream@3.0.4:
    dependencies:
      readable-stream: 4.7.0

  regenerator-runtime@0.13.11: {}

  safe-buffer@5.1.2: {}

  safe-buffer@5.2.1: {}

  setimmediate@1.0.5: {}

  string_decoder@1.1.1:
    dependencies:
      safe-buffer: 5.1.2

  string_decoder@1.3.0:
    dependencies:
      safe-buffer: 5.2.1

  strtok3@6.3.0:
    dependencies:
      '@tokenizer/token': 0.3.0
      peek-readable: 4.1.0

  tesseract.js-core@6.1.2: {}

  tesseract.js@6.0.1:
    dependencies:
      bmp-js: 0.1.0
      idb-keyval: 6.2.2
      is-url: 1.2.4
      node-fetch: 2.7.0
      opencollective-postinstall: 2.0.3
      regenerator-runtime: 0.13.11
      tesseract.js-core: 6.1.2
      wasm-feature-detect: 1.8.0
      zlibjs: 0.3.1
    transitivePeerDependencies:
      - encoding

  token-types@4.2.1:
    dependencies:
      '@tokenizer/token': 0.3.0
      ieee754: 1.2.1

  tr46@0.0.3: {}

  typedarray@0.0.6: {}

  undici-types@6.21.0: {}

  util-deprecate@1.0.2: {}

  wasm-feature-detect@1.8.0: {}

  webidl-conversions@3.0.1: {}

  whatwg-url@5.0.0:
    dependencies:
      tr46: 0.0.3
      webidl-conversions: 3.0.1

  yauzl@3.2.1:
    dependencies:
      buffer-crc32: 0.2.13
      pend: 1.2.0

  zlibjs@0.3.1: {}
