lockfileVersion: '9.0'

settings:
  autoInstallPeers: true
  excludeLinksFromLockfile: false

pnpmfileChecksum: sha256-ZfwGjIvQgPR9mEJg5iihJauZ5iv1Ogj5lI/dgVj7pgI=

importers:

  .:
    dependencies:
      adm-zip:
        specifier: ^0.5.16
        version: 0.5.16
    devDependencies:
      '@types/adm-zip':
        specifier: ^0.5.7
        version: 0.5.8

packages:

  '@types/adm-zip@0.5.8':
    resolution: {integrity: sha512-RVVH7QvZYbN+ihqZ4kX/dMiowf6o+Jk1fNwiSdx0NahBJLU787zkULhGhJM8mf/obmLGmgdMM0bXsQTmyfbR7Q==}

  '@types/node@25.5.0':
    resolution: {integrity: sha512-jp2P3tQMSxWugkCUKLRPVUpGaL5MVFwF8RDuSRztfwgN1wmqJeMSbKlnEtQqU8UrhTmzEmZdu2I6v2dpp7XIxw==}

  adm-zip@0.5.16:
    resolution: {integrity: sha512-TGw5yVi4saajsSEgz25grObGHEUaDrniwvA2qwSC060KfqGPdglhvPMA2lPIoxs3PQIItj2iag35fONcQqgUaQ==}
    engines: {node: '>=12.0'}

  undici-types@7.18.2:
    resolution: {integrity: sha512-AsuCzffGHJybSaRrmr5eHr81mwJU3kjw6M+uprWvCXiNeN9SOGwQ3Jn8jb8m3Z6izVgknn1R0FTCEAP2QrLY/w==}

snapshots:

  '@types/adm-zip@0.5.8':
    dependencies:
      '@types/node': 25.5.0

  '@types/node@25.5.0':
    dependencies:
      undici-types: 7.18.2

  adm-zip@0.5.16: {}

  undici-types@7.18.2: {}
