lockfileVersion: '9.0'

settings:
  autoInstallPeers: true
  excludeLinksFromLockfile: false

pnpmfileChecksum: sha256-ZfwGjIvQgPR9mEJg5iihJauZ5iv1Ogj5lI/dgVj7pgI=

importers:

  .:
    dependencies:
      '@mdpdf/mdpdf':
        specifier: ^0.1.4
        version: 0.1.4
      cac:
        specifier: ^6.7.14
        version: 6.7.14
      turndown:
        specifier: ^7.2.0
        version: 7.2.2
      turndown-plugin-gfm:
        specifier: ^1.0.2
        version: 1.0.2
    devDependencies:
      '@types/node':
        specifier: 22.19.2
        version: 22.19.2
      '@types/turndown':
        specifier: ^5.0.5
        version: 5.0.6

packages:

  '@mdpdf/mdpdf-darwin-arm64@0.1.4':
    resolution: {integrity: sha512-WVfKlZgboAvudJHCr7PTdGgKNEUIUWwW/Md4MTzXamKfcfvJ6ORm8vQ6wx0jmfjBH1UwjqnINlxxYEUt1Jf7dw==}
    engines: {node: '>= 18.17.0 < 19 || >= 20.3.0 < 21 || >= 21.0.0'}
    cpu: [arm64]
    os: [darwin]

  '@mdpdf/mdpdf-darwin-x64@0.1.4':
    resolution: {integrity: sha512-tDaEuVhuFagWmSJuS44HeG4S2VzsMCV30JaF+1zMGKxnGYtuXEL+q+Lklvt1T6JkaHaZjHVEA5klz1XXTNDDHA==}
    engines: {node: '>= 18.17.0 < 19 || >= 20.3.0 < 21 || >= 21.0.0'}
    cpu: [x64]
    os: [darwin]

  '@mdpdf/mdpdf-linux-arm64-gnu@0.1.4':
    resolution: {integrity: sha512-Rhy5DI3uwKNjeS+JW33CZdguFYZ0uRmc5iOLDdHl2bvmDPUzfAQSD1g6KJtqrqyDXbTe2N9jP+NOCVtkOSpw3Q==}
    engines: {node: '>= 18.17.0 < 19 || >= 20.3.0 < 21 || >= 21.0.0'}
    cpu: [arm64]
    os: [linux]

  '@mdpdf/mdpdf-linux-x64-gnu@0.1.4':
    resolution: {integrity: sha512-NWpMYDBr1z59H9GlQdBizI8H8ODygui7j9NHpn2qiMrcnMvPBtmkH84YaXSHSYmUQ41UafRA/bnY5h5tkQb+Bw==}
    engines: {node: '>= 18.17.0 < 19 || >= 20.3.0 < 21 || >= 21.0.0'}
    cpu: [x64]
    os: [linux]

  '@mdpdf/mdpdf-linux-x64-musl@0.1.4':
    resolution: {integrity: sha512-dwwVfZpNONyYUFkFjrgRq5igEVqCMetkYR+cCmH0fD6b0mq2gsa7/mrSUPZGX5sz/dJ5hePmJb2hRBIL9Fu3yQ==}
    engines: {node: '>= 18.17.0 < 19 || >= 20.3.0 < 21 || >= 21.0.0'}
    cpu: [x64]
    os: [linux]

  '@mdpdf/mdpdf-win32-x64-msvc@0.1.4':
    resolution: {integrity: sha512-NQBTbhbe+i1HjC4F4WXDiYiItBm0j3LFVpz3uaZgz88umF656j0n4YgOeJKRRx6S4k+l3nzvu19GFoR3ocHLdg==}
    engines: {node: '>= 18.17.0 < 19 || >= 20.3.0 < 21 || >= 21.0.0'}
    cpu: [x64]
    os: [win32]

  '@mdpdf/mdpdf@0.1.4':
    resolution: {integrity: sha512-xGaqXEsuIylP0lQiA17BLb7ERMvcY3VRuyBOGbTRu6TjgrX4BZHPdoi6oUCUOi8sV/vZJYnjy7Xo/b/cX9lzsQ==}
    engines: {node: '>= 18.17.0 < 19 || >= 20.3.0 < 21 || >= 21.0.0'}

  '@mixmark-io/domino@2.2.0':
    resolution: {integrity: sha512-Y28PR25bHXUg88kCV7nivXrP2Nj2RueZ3/l/jdx6J9f8J4nsEGcgX0Qe6lt7Pa+J79+kPiJU3LguR6O/6zrLOw==}

  '@types/node@22.19.2':
    resolution: {integrity: sha512-LPM2G3Syo1GLzXLGJAKdqoU35XvrWzGJ21/7sgZTUpbkBaOasTj8tjwn6w+hCkqaa1TfJ/w67rJSwYItlJ2mYw==}

  '@types/turndown@5.0.6':
    resolution: {integrity: sha512-ru00MoyeeouE5BX4gRL+6m/BsDfbRayOskWqUvh7CLGW+UXxHQItqALa38kKnOiZPqJrtzJUgAC2+F0rL1S4Pg==}

  cac@6.7.14:
    resolution: {integrity: sha512-b6Ilus+c3RrdDk+JhLKUAQfzzgLEPy6wcXqS7f/xe1EETvsDP6GORG7SFuOs6cID5YkqchW/LXZbX5bc8j7ZcQ==}
    engines: {node: '>=8'}

  turndown-plugin-gfm@1.0.2:
    resolution: {integrity: sha512-vwz9tfvF7XN/jE0dGoBei3FXWuvll78ohzCZQuOb+ZjWrs3a0XhQVomJEb2Qh4VHTPNRO4GPZh0V7VRbiWwkRg==}

  turndown@7.2.2:
    resolution: {integrity: sha512-1F7db8BiExOKxjSMU2b7if62D/XOyQyZbPKq/nUwopfgnHlqXHqQ0lvfUTeUIr1lZJzOPFn43dODyMSIfvWRKQ==}

  undici-types@6.21.0:
    resolution: {integrity: sha512-iwDZqg0QAGrg9Rav5H4n0M64c3mkR59cJ6wQp+7C4nI0gsmExaedaYLNO44eT4AtBBwjbTiGPMlt2Md0T9H9JQ==}

snapshots:

  '@mdpdf/mdpdf-darwin-arm64@0.1.4':
    optional: true

  '@mdpdf/mdpdf-darwin-x64@0.1.4':
    optional: true

  '@mdpdf/mdpdf-linux-arm64-gnu@0.1.4':
    optional: true

  '@mdpdf/mdpdf-linux-x64-gnu@0.1.4':
    optional: true

  '@mdpdf/mdpdf-linux-x64-musl@0.1.4':
    optional: true

  '@mdpdf/mdpdf-win32-x64-msvc@0.1.4':
    optional: true

  '@mdpdf/mdpdf@0.1.4':
    optionalDependencies:
      '@mdpdf/mdpdf-darwin-arm64': 0.1.4
      '@mdpdf/mdpdf-darwin-x64': 0.1.4
      '@mdpdf/mdpdf-linux-arm64-gnu': 0.1.4
      '@mdpdf/mdpdf-linux-x64-gnu': 0.1.4
      '@mdpdf/mdpdf-linux-x64-musl': 0.1.4
      '@mdpdf/mdpdf-win32-x64-msvc': 0.1.4

  '@mixmark-io/domino@2.2.0': {}

  '@types/node@22.19.2':
    dependencies:
      undici-types: 6.21.0

  '@types/turndown@5.0.6': {}

  cac@6.7.14: {}

  turndown-plugin-gfm@1.0.2: {}

  turndown@7.2.2:
    dependencies:
      '@mixmark-io/domino': 2.2.0

  undici-types@6.21.0: {}
