lockfileVersion: '9.0'

settings:
  autoInstallPeers: true
  excludeLinksFromLockfile: false

pnpmfileChecksum: sha256-ZfwGjIvQgPR9mEJg5iihJauZ5iv1Ogj5lI/dgVj7pgI=

importers:

  .:
    dependencies:
      cac:
        specifier: ^6.7.14
        version: 6.7.14
      papaparse:
        specifier: ^5.5.3
        version: 5.5.3
      xlsx:
        specifier: https://cdn.sheetjs.com/xlsx-0.20.3/xlsx-0.20.3.tgz
        version: https://cdn.sheetjs.com/xlsx-0.20.3/xlsx-0.20.3.tgz
    devDependencies:
      '@types/node':
        specifier: 22.19.2
        version: 22.19.2
      '@types/papaparse':
        specifier: ^5.5.2
        version: 5.5.2

packages:

  '@types/node@22.19.2':
    resolution: {integrity: sha512-LPM2G3Syo1GLzXLGJAKdqoU35XvrWzGJ21/7sgZTUpbkBaOasTj8tjwn6w+hCkqaa1TfJ/w67rJSwYItlJ2mYw==}

  '@types/papaparse@5.5.2':
    resolution: {integrity: sha512-gFnFp/JMzLHCwRf7tQHrNnfhN4eYBVYYI897CGX4MY1tzY9l2aLkVyx2IlKZ/SAqDbB3I1AOZW5gTMGGsqWliA==}

  cac@6.7.14:
    resolution: {integrity: sha512-b6Ilus+c3RrdDk+JhLKUAQfzzgLEPy6wcXqS7f/xe1EETvsDP6GORG7SFuOs6cID5YkqchW/LXZbX5bc8j7ZcQ==}
    engines: {node: '>=8'}

  papaparse@5.5.3:
    resolution: {integrity: sha512-5QvjGxYVjxO59MGU2lHVYpRWBBtKHnlIAcSe1uNFCkkptUh63NFRj0FJQm7nR67puEruUci/ZkjmEFrjCAyP4A==}

  undici-types@6.21.0:
    resolution: {integrity: sha512-iwDZqg0QAGrg9Rav5H4n0M64c3mkR59cJ6wQp+7C4nI0gsmExaedaYLNO44eT4AtBBwjbTiGPMlt2Md0T9H9JQ==}

  xlsx@https://cdn.sheetjs.com/xlsx-0.20.3/xlsx-0.20.3.tgz:
    resolution: {integrity: sha512-oLDq3jw7AcLqKWH2AhCpVTZl8mf6X2YReP+Neh0SJUzV/BdZYjth94tG5toiMB1PPrYtxOCfaoUCkvtuH+3AJA==, tarball: https://cdn.sheetjs.com/xlsx-0.20.3/xlsx-0.20.3.tgz}
    version: 0.20.3
    engines: {node: '>=0.8'}
    hasBin: true

snapshots:

  '@types/node@22.19.2':
    dependencies:
      undici-types: 6.21.0

  '@types/papaparse@5.5.2':
    dependencies:
      '@types/node': 22.19.2

  cac@6.7.14: {}

  papaparse@5.5.3: {}

  undici-types@6.21.0: {}

  xlsx@https://cdn.sheetjs.com/xlsx-0.20.3/xlsx-0.20.3.tgz: {}
