lockfileVersion: '9.0'

settings:
  autoInstallPeers: true
  excludeLinksFromLockfile: false

pnpmfileChecksum: sha256-ZfwGjIvQgPR9mEJg5iihJauZ5iv1Ogj5lI/dgVj7pgI=

importers:

  .:
    dependencies:
      papaparse:
        specifier: ^5.5.3
        version: 5.5.3
      xlsx:
        specifier: https://cdn.sheetjs.com/xlsx-0.20.3/xlsx-0.20.3.tgz
        version: https://cdn.sheetjs.com/xlsx-0.20.3/xlsx-0.20.3.tgz
    devDependencies:
      '@types/papaparse':
        specifier: ^5.5.2
        version: 5.5.2

packages:

  '@types/node@25.5.0':
    resolution: {integrity: sha512-jp2P3tQMSxWugkCUKLRPVUpGaL5MVFwF8RDuSRztfwgN1wmqJeMSbKlnEtQqU8UrhTmzEmZdu2I6v2dpp7XIxw==}

  '@types/papaparse@5.5.2':
    resolution: {integrity: sha512-gFnFp/JMzLHCwRf7tQHrNnfhN4eYBVYYI897CGX4MY1tzY9l2aLkVyx2IlKZ/SAqDbB3I1AOZW5gTMGGsqWliA==}

  papaparse@5.5.3:
    resolution: {integrity: sha512-5QvjGxYVjxO59MGU2lHVYpRWBBtKHnlIAcSe1uNFCkkptUh63NFRj0FJQm7nR67puEruUci/ZkjmEFrjCAyP4A==}

  undici-types@7.18.2:
    resolution: {integrity: sha512-AsuCzffGHJybSaRrmr5eHr81mwJU3kjw6M+uprWvCXiNeN9SOGwQ3Jn8jb8m3Z6izVgknn1R0FTCEAP2QrLY/w==}

  xlsx@https://cdn.sheetjs.com/xlsx-0.20.3/xlsx-0.20.3.tgz:
    resolution: {integrity: sha512-oLDq3jw7AcLqKWH2AhCpVTZl8mf6X2YReP+Neh0SJUzV/BdZYjth94tG5toiMB1PPrYtxOCfaoUCkvtuH+3AJA==, tarball: https://cdn.sheetjs.com/xlsx-0.20.3/xlsx-0.20.3.tgz}
    version: 0.20.3
    engines: {node: '>=0.8'}
    hasBin: true

snapshots:

  '@types/node@25.5.0':
    dependencies:
      undici-types: 7.18.2

  '@types/papaparse@5.5.2':
    dependencies:
      '@types/node': 25.5.0

  papaparse@5.5.3: {}

  undici-types@7.18.2: {}

  xlsx@https://cdn.sheetjs.com/xlsx-0.20.3/xlsx-0.20.3.tgz: {}
